{
  "version": 4,
  "terraform_version": "1.12.1",
  "serial": 78,
  "lineage": "393fb883-9699-43b3-4813-b4a05c134a55",
  "outputs": {
    "api_gateway_url": {
      "value": "https://7gdfh4ewy8.execute-api.ap-northeast-1.amazonaws.com/prod",
      "type": "string"
    },
    "lambda_function_arn": {
      "value": "arn:aws:lambda:ap-northeast-1:916222936986:function:keppy-api",
      "type": "string"
    },
    "lambda_function_name": {
      "value": "keppy-api",
      "type": "string"
    }
  },
  "resources": [
    {
      "module": "module.api_gateway",
      "mode": "data",
      "type": "aws_iam_policy_document",
      "name": "api_gateway_assume_role",
      "provider": "provider[\"registry.terraform.io/hashicorp/aws\"]",
      "instances": [
        {
          "schema_version": 0,
          "attributes": {
            "id": "2699642182",
            "json": "{\n  \"Version\": \"2012-10-17\",\n  \"Statement\": [\n    {\n      \"Effect\": \"Allow\",\n      \"Action\": \"sts:AssumeRole\",\n      \"Principal\": {\n        \"Service\": \"apigateway.amazonaws.com\"\n      }\n    }\n  ]\n}",
            "minified_json": "{\"Version\":\"2012-10-17\",\"Statement\":[{\"Effect\":\"Allow\",\"Action\":\"sts:AssumeRole\",\"Principal\":{\"Service\":\"apigateway.amazonaws.com\"}}]}",
            "override_json": null,
            "override_policy_documents": null,
            "policy_id": null,
            "source_json": null,
            "source_policy_documents": null,
            "statement": [
              {
                "actions": [
                  "sts:AssumeRole"
                ],
                "condition": [],
                "effect": "Allow",
                "not_actions": [],
                "not_principals": [],
                "not_resources": [],
                "principals": [
                  {
                    "identifiers": [
                      "apigateway.amazonaws.com"
                    ],
                    "type": "Service"
                  }
                ],
                "resources": [],
                "sid": ""
              }
            ],
            "version": "2012-10-17"
          },
          "sensitive_attributes": [],
          "identity_schema_version": 0
        }
      ]
    },
    {
      "module": "module.api_gateway",
      "mode": "data",
      "type": "aws_iam_policy_document",
      "name": "api_gateway_policy",
      "provider": "provider[\"registry.terraform.io/hashicorp/aws\"]",
      "instances": [
        {
          "schema_version": 0,
          "attributes": {
            "id": "310548727",
            "json": "{\n  \"Version\": \"2012-10-17\",\n  \"Statement\": [\n    {\n      \"Effect\": \"Allow\",\n      \"Action\": \"execute-api:Invoke\",\n      \"Resource\": \"arn:aws:execute-api:ap-northeast-1:916222936986:7gdfh4ewy8/*\",\n      \"Principal\": \"*\"\n    }\n  ]\n}",
            "minified_json": "{\"Version\":\"2012-10-17\",\"Statement\":[{\"Effect\":\"Allow\",\"Action\":\"execute-api:Invoke\",\"Resource\":\"arn:aws:execute-api:ap-northeast-1:916222936986:7gdfh4ewy8/*\",\"Principal\":\"*\"}]}",
            "override_json": null,
            "override_policy_documents": null,
            "policy_id": null,
            "source_json": null,
            "source_policy_documents": null,
            "statement": [
              {
                "actions": [
                  "execute-api:Invoke"
                ],
                "condition": [],
                "effect": "Allow",
                "not_actions": [],
                "not_principals": [],
                "not_resources": [],
                "principals": [
                  {
                    "identifiers": [
                      "*"
                    ],
                    "type": "*"
                  }
                ],
                "resources": [
                  "arn:aws:execute-api:ap-northeast-1:916222936986:7gdfh4ewy8/*"
                ],
                "sid": ""
              }
            ],
            "version": "2012-10-17"
          },
          "sensitive_attributes": [],
          "identity_schema_version": 0
        }
      ]
    },
    {
      "module": "module.api_gateway",
      "mode": "data",
      "type": "aws_region",
      "name": "current",
      "provider": "provider[\"registry.terraform.io/hashicorp/aws\"]",
      "instances": [
        {
          "schema_version": 0,
          "attributes": {
            "description": "Asia Pacific (Tokyo)",
            "endpoint": "ec2.ap-northeast-1.amazonaws.com",
            "id": "ap-northeast-1",
            "name": "ap-northeast-1"
          },
          "sensitive_attributes": [],
          "identity_schema_version": 0
        }
      ]
    },
    {
      "module": "module.api_gateway",
      "mode": "managed",
      "type": "aws_api_gateway_deployment",
      "name": "deployment",
      "provider": "provider[\"registry.terraform.io/hashicorp/aws\"]",
      "instances": [
        {
          "schema_version": 0,
          "attributes": {
            "canary_settings": [],
            "created_date": "2025-05-31T06:06:33Z",
            "description": "",
            "execution_arn": "arn:aws:execute-api:ap-northeast-1:916222936986:7gdfh4ewy8/prod",
            "id": "rteq2h",
            "invoke_url": "https://7gdfh4ewy8.execute-api.ap-northeast-1.amazonaws.com/prod",
            "rest_api_id": "7gdfh4ewy8",
            "stage_description": null,
            "stage_name": "prod",
            "triggers": {
              "redeployment": "07f5ece8955a236c611b87c97499c8ed2c678cc3"
            },
            "variables": null
          },
          "sensitive_attributes": [],
          "identity_schema_version": 0,
          "private": "bnVsbA==",
          "dependencies": [
            "module.api_gateway.aws_api_gateway_rest_api.api",
            "module.api_gateway.aws_iam_role.api_gateway_role",
            "module.api_gateway.data.aws_iam_policy_document.api_gateway_assume_role",
            "module.lambda.aws_iam_role.lambda_role",
            "module.lambda.aws_lambda_function.api",
            "module.lambda.data.archive_file.lambda_zip",
            "module.lambda.data.aws_iam_policy_document.lambda_assume_role"
          ],
          "create_before_destroy": true
        }
      ]
    },
    {
      "module": "module.api_gateway",
      "mode": "managed",
      "type": "aws_api_gateway_rest_api",
      "name": "api",
      "provider": "provider[\"registry.terraform.io/hashicorp/aws\"]",
      "instances": [
        {
          "schema_version": 0,
          "attributes": {
            "api_key_source": "HEADER",
            "arn": "arn:aws:apigateway:ap-northeast-1::/restapis/7gdfh4ewy8",
            "binary_media_types": [],
            "body": "{\"info\":{\"title\":\"keppy-api\",\"version\":\"1.0\"},\"openapi\":\"3.0.1\",\"paths\":{\"/message\":{\"post\":{\"x-amazon-apigateway-integration\":{\"credentials\":\"arn:aws:iam::916222936986:role/keppy-apigateway-role\",\"httpMethod\":\"POST\",\"payloadFormatVersion\":\"1.0\",\"type\":\"AWS_PROXY\",\"uri\":\"arn:aws:apigateway:ap-northeast-1:lambda:path/2015-03-31/functions/arn:aws:lambda:ap-northeast-1:916222936986:function:keppy-api/invocations\"}}}}}",
            "created_date": "2025-05-31T06:06:31Z",
            "description": "",
            "disable_execute_api_endpoint": false,
            "endpoint_configuration": [
              {
                "ip_address_type": "ipv4",
                "types": [
                  "EDGE"
                ],
                "vpc_endpoint_ids": []
              }
            ],
            "execution_arn": "arn:aws:execute-api:ap-northeast-1:916222936986:7gdfh4ewy8",
            "fail_on_warnings": null,
            "id": "7gdfh4ewy8",
            "minimum_compression_size": "",
            "name": "keppy-api",
            "parameters": null,
            "policy": "",
            "put_rest_api_mode": null,
            "root_resource_id": "z0f0bl2r16",
            "tags": {
              "Name": "keppy-api"
            },
            "tags_all": {
              "Name": "keppy-api"
            }
          },
          "sensitive_attributes": [],
          "identity_schema_version": 0,
          "private": "bnVsbA==",
          "dependencies": [
            "module.api_gateway.aws_iam_role.api_gateway_role",
            "module.api_gateway.data.aws_iam_policy_document.api_gateway_assume_role",
            "module.lambda.aws_iam_role.lambda_role",
            "module.lambda.aws_lambda_function.api",
            "module.lambda.data.archive_file.lambda_zip",
            "module.lambda.data.aws_iam_policy_document.lambda_assume_role"
          ],
          "create_before_destroy": true
        }
      ]
    },
    {
      "module": "module.api_gateway",
      "mode": "managed",
      "type": "aws_api_gateway_rest_api_policy",
      "name": "policy",
      "provider": "provider[\"registry.terraform.io/hashicorp/aws\"]",
      "instances": [
        {
          "schema_version": 0,
          "attributes": {
            "id": "7gdfh4ewy8",
            "policy": "{\"Version\":\"2012-10-17\",\"Statement\":[{\"Effect\":\"Allow\",\"Principal\":\"*\",\"Action\":\"execute-api:Invoke\",\"Resource\":\"arn:aws:execute-api:ap-northeast-1:916222936986:7gdfh4ewy8/*\"}]}",
            "rest_api_id": "7gdfh4ewy8"
          },
          "sensitive_attributes": [],
          "identity_schema_version": 0,
          "private": "bnVsbA==",
          "dependencies": [
            "module.api_gateway.aws_api_gateway_rest_api.api",
            "module.api_gateway.aws_iam_role.api_gateway_role",
            "module.api_gateway.data.aws_iam_policy_document.api_gateway_assume_role",
            "module.api_gateway.data.aws_iam_policy_document.api_gateway_policy",
            "module.lambda.aws_iam_role.lambda_role",
            "module.lambda.aws_lambda_function.api",
            "module.lambda.data.archive_file.lambda_zip",
            "module.lambda.data.aws_iam_policy_document.lambda_assume_role"
          ]
        }
      ]
    },
    {
      "module": "module.api_gateway",
      "mode": "managed",
      "type": "aws_iam_role",
      "name": "api_gateway_role",
      "provider": "provider[\"registry.terraform.io/hashicorp/aws\"]",
      "instances": [
        {
          "schema_version": 0,
          "attributes": {
            "arn": "arn:aws:iam::916222936986:role/keppy-apigateway-role",
            "assume_role_policy": "{\"Statement\":[{\"Action\":\"sts:AssumeRole\",\"Effect\":\"Allow\",\"Principal\":{\"Service\":\"apigateway.amazonaws.com\"}}],\"Version\":\"2012-10-17\"}",
            "create_date": "2025-05-31T06:06:15Z",
            "description": "",
            "force_detach_policies": false,
            "id": "keppy-apigateway-role",
            "inline_policy": [],
            "managed_policy_arns": [],
            "max_session_duration": 3600,
            "name": "keppy-apigateway-role",
            "name_prefix": "",
            "path": "/",
            "permissions_boundary": "",
            "tags": null,
            "tags_all": {},
            "unique_id": "AROA5KUZEQ6NNYWG2PFPH"
          },
          "sensitive_attributes": [],
          "identity_schema_version": 0,
          "private": "bnVsbA==",
          "dependencies": [
            "module.api_gateway.data.aws_iam_policy_document.api_gateway_assume_role"
          ],
          "create_before_destroy": true
        }
      ]
    },
    {
      "module": "module.api_gateway",
      "mode": "managed",
      "type": "aws_iam_role_policy_attachment",
      "name": "api_gateway_policy_lambda",
      "provider": "provider[\"registry.terraform.io/hashicorp/aws\"]",
      "instances": [
        {
          "schema_version": 0,
          "attributes": {
            "id": "keppy-apigateway-role-20250531060616889600000001",
            "policy_arn": "arn:aws:iam::aws:policy/service-role/AWSLambdaRole",
            "role": "keppy-apigateway-role"
          },
          "sensitive_attributes": [],
          "identity_schema_version": 0,
          "private": "bnVsbA==",
          "dependencies": [
            "module.api_gateway.aws_iam_role.api_gateway_role",
            "module.api_gateway.data.aws_iam_policy_document.api_gateway_assume_role"
          ]
        }
      ]
    },
    {
      "module": "module.api_gateway",
      "mode": "managed",
      "type": "aws_iam_role_policy_attachment",
      "name": "api_gateway_policy_logs",
      "provider": "provider[\"registry.terraform.io/hashicorp/aws\"]",
      "instances": [
        {
          "schema_version": 0,
          "attributes": {
            "id": "keppy-apigateway-role-20250531060616909400000002",
            "policy_arn": "arn:aws:iam::aws:policy/service-role/AmazonAPIGatewayPushToCloudWatchLogs",
            "role": "keppy-apigateway-role"
          },
          "sensitive_attributes": [],
          "identity_schema_version": 0,
          "private": "bnVsbA==",
          "dependencies": [
            "module.api_gateway.aws_iam_role.api_gateway_role",
            "module.api_gateway.data.aws_iam_policy_document.api_gateway_assume_role"
          ]
        }
      ]
    },
    {
      "module": "module.lambda",
      "mode": "data",
      "type": "archive_file",
      "name": "lambda_zip",
      "provider": "provider[\"registry.terraform.io/hashicorp/archive\"]",
      "instances": [
        {
          "schema_version": 0,
          "attributes": {
            "exclude_symlink_directories": null,
            "excludes": null,
            "id": "b3c37de55542f59d92ea3b68b8641b878e035469",
            "output_base64sha256": "joxZCEKPPSY4f/uswvvqzuYEFTff0KLIBT6Lztl+yJU=",
            "output_base64sha512": "6qVouGaMKapJZALGuYbO4zFyuCUtV+R++lBQRsXNl74spc1ICeKzzjOJRG3jM0716o4LX08Rs4l6N5+dY1Xdhg==",
            "output_file_mode": null,
            "output_md5": "1d76539c1c0675fcd77c3418f38d84b6",
            "output_path": "./lambda.zip",
            "output_sha": "b3c37de55542f59d92ea3b68b8641b878e035469",
            "output_sha256": "8e8c5908428f3d26387ffbacc2fbeacee6041537dfd0a2c8053e8bced97ec895",
            "output_sha512": "eaa568b8668c29aa496402c6b986cee33172b8252d57e47efa505046c5cd97be2ca5cd4809e2b3ce3389446de3334ef5ea8e0b5f4f11b3897a379f9d6355dd86",
            "output_size": 903,
            "source": [],
            "source_content": null,
            "source_content_filename": null,
            "source_dir": "./api",
            "source_file": null,
            "type": "zip"
          },
          "sensitive_attributes": [],
          "identity_schema_version": 0
        }
      ]
    },
    {
      "module": "module.lambda",
      "mode": "data",
      "type": "aws_iam_policy_document",
      "name": "lambda_assume_role",
      "provider": "provider[\"registry.terraform.io/hashicorp/aws\"]",
      "instances": [
        {
          "schema_version": 0,
          "attributes": {
            "id": "2690255455",
            "json": "{\n  \"Version\": \"2012-10-17\",\n  \"Statement\": [\n    {\n      \"Effect\": \"Allow\",\n      \"Action\": \"sts:AssumeRole\",\n      \"Principal\": {\n        \"Service\": \"lambda.amazonaws.com\"\n      }\n    }\n  ]\n}",
            "minified_json": "{\"Version\":\"2012-10-17\",\"Statement\":[{\"Effect\":\"Allow\",\"Action\":\"sts:AssumeRole\",\"Principal\":{\"Service\":\"lambda.amazonaws.com\"}}]}",
            "override_json": null,
            "override_policy_documents": null,
            "policy_id": null,
            "source_json": null,
            "source_policy_documents": null,
            "statement": [
              {
                "actions": [
                  "sts:AssumeRole"
                ],
                "condition": [],
                "effect": "Allow",
                "not_actions": [],
                "not_principals": [],
                "not_resources": [],
                "principals": [
                  {
                    "identifiers": [
                      "lambda.amazonaws.com"
                    ],
                    "type": "Service"
                  }
                ],
                "resources": [],
                "sid": ""
              }
            ],
            "version": "2012-10-17"
          },
          "sensitive_attributes": [],
          "identity_schema_version": 0
        }
      ]
    },
    {
      "module": "module.lambda",
      "mode": "managed",
      "type": "aws_iam_role",
      "name": "lambda_role",
      "provider": "provider[\"registry.terraform.io/hashicorp/aws\"]",
      "instances": [
        {
          "schema_version": 0,
          "attributes": {
            "arn": "arn:aws:iam::916222936986:role/keppy-lambda-role",
            "assume_role_policy": "{\"Statement\":[{\"Action\":\"sts:AssumeRole\",\"Effect\":\"Allow\",\"Principal\":{\"Service\":\"lambda.amazonaws.com\"}}],\"Version\":\"2012-10-17\"}",
            "create_date": "2025-05-31T06:06:15Z",
            "description": "",
            "force_detach_policies": false,
            "id": "keppy-lambda-role",
            "inline_policy": [],
            "managed_policy_arns": [],
            "max_session_duration": 3600,
            "name": "keppy-lambda-role",
            "name_prefix": "",
            "path": "/",
            "permissions_boundary": "",
            "tags": null,
            "tags_all": {},
            "unique_id": "AROA5KUZEQ6NI7SRWGOSF"
          },
          "sensitive_attributes": [],
          "identity_schema_version": 0,
          "private": "bnVsbA==",
          "dependencies": [
            "module.lambda.data.aws_iam_policy_document.lambda_assume_role"
          ],
          "create_before_destroy": true
        }
      ]
    },
    {
      "module": "module.lambda",
      "mode": "managed",
      "type": "aws_iam_role_policy_attachment",
      "name": "lambda_policy",
      "provider": "provider[\"registry.terraform.io/hashicorp/aws\"]",
      "instances": [
        {
          "schema_version": 0,
          "attributes": {
            "id": "keppy-lambda-role-20250531060617136400000003",
            "policy_arn": "arn:aws:iam::aws:policy/service-role/AWSLambdaBasicExecutionRole",
            "role": "keppy-lambda-role"
          },
          "sensitive_attributes": [],
          "identity_schema_version": 0,
          "private": "bnVsbA==",
          "dependencies": [
            "module.lambda.aws_iam_role.lambda_role",
            "module.lambda.data.aws_iam_policy_document.lambda_assume_role"
          ]
        }
      ]
    },
    {
      "module": "module.lambda",
      "mode": "managed",
      "type": "aws_lambda_function",
      "name": "api",
      "provider": "provider[\"registry.terraform.io/hashicorp/aws\"]",
      "instances": [
        {
          "schema_version": 0,
          "attributes": {
            "architectures": [
              "x86_64"
            ],
            "arn": "arn:aws:lambda:ap-northeast-1:916222936986:function:keppy-api",
            "code_sha256": "joxZCEKPPSY4f/uswvvqzuYEFTff0KLIBT6Lztl+yJU=",
            "code_signing_config_arn": "",
            "dead_letter_config": [],
            "description": "",
            "environment": [],
            "ephemeral_storage": [
              {
                "size": 512
              }
            ],
            "file_system_config": [],
            "filename": "./lambda.zip",
            "function_name": "keppy-api",
            "handler": "lambda_function.lambda_handler",
            "id": "keppy-api",
            "image_config": [],
            "image_uri": "",
            "invoke_arn": "arn:aws:apigateway:ap-northeast-1:lambda:path/2015-03-31/functions/arn:aws:lambda:ap-northeast-1:916222936986:function:keppy-api/invocations",
            "kms_key_arn": "",
            "last_modified": "2025-05-31T06:06:25.494+0000",
            "layers": null,
            "logging_config": [
              {
                "application_log_level": "",
                "log_format": "Text",
                "log_group": "/aws/lambda/keppy-api",
                "system_log_level": ""
              }
            ],
            "memory_size": 128,
            "package_type": "Zip",
            "publish": false,
            "qualified_arn": "arn:aws:lambda:ap-northeast-1:916222936986:function:keppy-api:$LATEST",
            "qualified_invoke_arn": "arn:aws:apigateway:ap-northeast-1:lambda:path/2015-03-31/functions/arn:aws:lambda:ap-northeast-1:916222936986:function:keppy-api:$LATEST/invocations",
            "replace_security_groups_on_destroy": null,
            "replacement_security_group_ids": null,
            "reserved_concurrent_executions": -1,
            "role": "arn:aws:iam::916222936986:role/keppy-lambda-role",
            "runtime": "python3.11",
            "s3_bucket": null,
            "s3_key": null,
            "s3_object_version": null,
            "signing_job_arn": "",
            "signing_profile_version_arn": "",
            "skip_destroy": false,
            "snap_start": [],
            "source_code_hash": "joxZCEKPPSY4f/uswvvqzuYEFTff0KLIBT6Lztl+yJU=",
            "source_code_size": 903,
            "tags": null,
            "tags_all": {},
            "timeout": 30,
            "timeouts": null,
            "tracing_config": [
              {
                "mode": "PassThrough"
              }
            ],
            "version": "$LATEST",
            "vpc_config": []
          },
          "sensitive_attributes": [],
          "identity_schema_version": 0,
          "private": "eyJlMmJmYjczMC1lY2FhLTExZTYtOGY4OC0zNDM2M2JjN2M0YzAiOnsiY3JlYXRlIjo2MDAwMDAwMDAwMDAsImRlbGV0ZSI6NjAwMDAwMDAwMDAwLCJ1cGRhdGUiOjYwMDAwMDAwMDAwMH19",
          "dependencies": [
            "module.lambda.aws_iam_role.lambda_role",
            "module.lambda.data.archive_file.lambda_zip",
            "module.lambda.data.aws_iam_policy_document.lambda_assume_role"
          ],
          "create_before_destroy": true
        }
      ]
    }
  ],
  "check_results": null
}
